# THIS IS AN AUTOGENERATED FILE. DO NOT EDIT THIS FILE DIRECTLY.
# yarn lockfile v1


"@types/cron@^1.7.3":
  version "1.7.3"
  resolved "https://registry.yarnpkg.com/@types/cron/-/cron-1.7.3.tgz#993db7d54646f61128c851607b64ba4495deae93"
  integrity sha512-iPmUXyIJG1Js+ldPYhOQcYU3kCAQ2FWrSkm1FJPoii2eYSn6wEW6onPukNTT0bfiflexNSRPl6KWmAIqS+36YA==
  dependencies:
    "@types/node" "*"
    moment ">=2.14.0"

"@types/node@*":
  version "17.0.21"
  resolved "https://registry.yarnpkg.com/@types/node/-/node-17.0.21.tgz#864b987c0c68d07b4345845c3e63b75edd143644"
  integrity sha512-DBZCJbhII3r90XbQxI8Y9IjjiiOGlZ0Hr32omXIZvwwZ7p4DMMXGrKXVyPfuoBOri9XNtL0UK69jYIBIsRX3QQ==

cron@1.7.2:
  version "1.7.2"
  resolved "https://registry.yarnpkg.com/cron/-/cron-1.7.2.tgz#2ea1f35c138a07edac2ac5af5084ed6fee5723db"
  integrity sha512-+SaJ2OfeRvfQqwXQ2kgr0Y5pzBR/lijf5OpnnaruwWnmI799JfWr2jN2ItOV9s3A/+TFOt6mxvKzQq5F0Jp6VQ==
  dependencies:
    moment-timezone "^0.5.x"

moment-timezone@^0.5.x:
  version "0.5.34"
  resolved "https://registry.yarnpkg.com/moment-timezone/-/moment-timezone-0.5.34.tgz#a75938f7476b88f155d3504a9343f7519d9a405c"
  integrity sha512-3zAEHh2hKUs3EXLESx/wsgw6IQdusOT8Bxm3D9UrHPQR7zlMmzwybC8zHEM1tQ4LJwP7fcxrWr8tuBg05fFCbg==
  dependencies:
    moment ">= 2.9.0"

"moment@>= 2.9.0", moment@>=2.14.0:
  version "2.29.1"
  resolved "https://registry.yarnpkg.com/moment/-/moment-2.29.1.tgz#b2be769fa31940be9eeea6469c075e35006fa3d3"
  integrity sha512-kHmoybcPV8Sqy59DwNDY3Jefr64lK/by/da0ViFcuA4DH0vQg5Q6Ze5VimxkfQNSC+Mls/Kx53s7TjP1RhFEDQ==

uuid@8.3.2:
  version "8.3.2"
  resolved "https://registry.yarnpkg.com/uuid/-/uuid-8.3.2.tgz#80d5b5ced271bb9af6c445f21a1a04c606cefbe2"
  integrity sha512-+NYs2QeMWy+GWFOEm9xnn6HCDp0l7QBD7ml8zLUmJ+93Q5NF0NocErnwkTkXVFNiX3/fpC6afS8Dhb/gz7R7eg==
